
Microsoft Visual Studio Solution File, Format Version 12.00
# Visual Studio Version 16
VisualStudioVersion = 16.0.32106.194
MinimumVisualStudioVersion = 10.0.40219.1
Project("{FAE04EC0-301F-11D3-BF4B-00C04F79EFBC}") = "game-mode", "game-mode.csproj", "{01A8AFE1-AA23-4CE8-B1D1-5ADBD0312402}"
EndProject
Global
	GlobalSection(SolutionConfigurationPlatforms) = preSolution
		Debug|Any CPU = Debug|Any CPU
		Release|Any CPU = Release|Any CPU
	EndGlobalSection
	GlobalSection(ProjectConfigurationPlatforms) = postSolution
		{01A8AFE1-AA23-4CE8-B1D1-5ADBD0312402}.Debug|Any CPU.ActiveCfg = Debug|Any CPU
		{01A8AFE1-AA23-4CE8-B1D1-5ADBD0312402}.Debug|Any CPU.Build.0 = Debug|Any CPU
		{01A8AFE1-AA23-4CE8-B1D1-5ADBD0312402}.Release|Any CPU.ActiveCfg = Release|Any CPU
		{01A8AFE1-AA23-4CE8-B1D1-5ADBD0312402}.Release|Any CPU.Build.0 = Release|Any CPU
	EndGlobalSection
	GlobalSection(SolutionProperties) = preSolution
		HideSolutionNode = FALSE
	EndGlobalSection
	GlobalSection(ExtensibilityGlobals) = postSolution
		SolutionGuid = {E2167834-6C46-466C-98F5-D946B82BDD8D}
	EndGlobalSection
EndGlobal
